<?xml version="1.0" encoding="UTF-8" standalone="yes" ?>
<CodeBlocks_project_file>
	<FileVersion major="1" minor="6" />
	<Project>
		<Option title="myccd2cue" />
		<Option pch_mode="2" />
		<Option compiler="gcc" />
		<Build>
			<Target title="Debug">
				<Option output="bin/Debug/myccd2cue" prefix_auto="1" extension_auto="1" />
				<Option object_output="obj/Debug/" />
				<Option type="1" />
				<Option compiler="gcc" />
				<Compiler>
					<Add option="-g" />
				</Compiler>
			</Target>
			<Target title="Release">
				<Option output="bin/Release/myccd2cue" prefix_auto="1" extension_auto="1" />
				<Option object_output="obj/Release/" />
				<Option type="1" />
				<Option compiler="gcc" />
				<Compiler>
					<Add option="-O2" />
				</Compiler>
				<Linker>
					<Add option="-s" />
				</Linker>
			</Target>
		</Build>
		<Compiler>
			<Add option="-Wall" />
			<Add option="-fexceptions" />
		</Compiler>
		<Unit filename="argp.h" />
		<Unit filename="array.c">
			<Option compilerVar="CC" />
		</Unit>
		<Unit filename="array.h" />
		<Unit filename="ccd.c">
			<Option compilerVar="CC" />
		</Unit>
		<Unit filename="ccd.h" />
		<Unit filename="ccd2cue.c">
			<Option compilerVar="CC" />
		</Unit>
		<Unit filename="cdt.c">
			<Option compilerVar="CC" />
		</Unit>
		<Unit filename="cdt.h" />
		<Unit filename="config.c">
			<Option compilerVar="CC" />
		</Unit>
		<Unit filename="config.h" />
		<Unit filename="convert.c">
			<Option compilerVar="CC" />
		</Unit>
		<Unit filename="convert.h" />
		<Unit filename="crc.c">
			<Option compilerVar="CC" />
		</Unit>
		<Unit filename="crc.h" />
		<Unit filename="cue.c">
			<Option compilerVar="CC" />
		</Unit>
		<Unit filename="cue.h" />
		<Unit filename="err.h" />
		<Unit filename="errors.c">
			<Option compilerVar="CC" />
		</Unit>
		<Unit filename="errors.h" />
		<Unit filename="file.c">
			<Option compilerVar="CC" />
		</Unit>
		<Unit filename="file.h" />
		<Unit filename="i18n.h" />
		<Unit filename="io.c">
			<Option compilerVar="CC" />
		</Unit>
		<Unit filename="io.h" />
		<Unit filename="memory.c">
			<Option compilerVar="CC" />
		</Unit>
		<Unit filename="memory.h" />
		<Unit filename="sysexits.h" />
		<Extensions>
			<lib_finder disable_auto="1" />
		</Extensions>
	</Project>
</CodeBlocks_project_file>
